
Microsoft Visual Studio Solution File, Format Version 12.00
# Visual Studio Version 17
VisualStudioVersion = 17.8.34330.188
MinimumVisualStudioVersion = 10.0.40219.1
Project("{9A19103F-16F7-4668-BE54-9A1E7A4F7556}") = "SpiritMusic", "SpiritMusic.csproj", "{33DC6C56-8F05-421B-879B-E278E355CBBC}"
EndProject
Global
	GlobalSection(SolutionConfigurationPlatforms) = preSolution
		Debug|Any CPU = Debug|Any CPU
		Release|Any CPU = Release|Any CPU
	EndGlobalSection
	GlobalSection(ProjectConfigurationPlatforms) = postSolution
		{33DC6C56-8F05-421B-879B-E278E355CBBC}.Debug|Any CPU.ActiveCfg = Debug|Any CPU
		{33DC6C56-8F05-421B-879B-E278E355CBBC}.Debug|Any CPU.Build.0 = Debug|Any CPU
		{33DC6C56-8F05-421B-879B-E278E355CBBC}.Release|Any CPU.ActiveCfg = Release|Any CPU
		{33DC6C56-8F05-421B-879B-E278E355CBBC}.Release|Any CPU.Build.0 = Release|Any CPU
	EndGlobalSection
	GlobalSection(SolutionProperties) = preSolution
		HideSolutionNode = FALSE
	EndGlobalSection
	GlobalSection(ExtensibilityGlobals) = postSolution
		SolutionGuid = {F65C08E3-D6B2-4195-9B97-D111B7441761}
	EndGlobalSection
EndGlobal
